
Microsoft Visual Studio Solution File, Format Version 12.00
# Visual Studio Version 16
VisualStudioVersion = 16.0.32126.315
MinimumVisualStudioVersion = 10.0.40219.1
Project("{9A19103F-16F7-4668-BE54-9A1E7A4F7556}") = "WebAPI", "WebAPI\WebAPI.csproj", "{B6F2637A-B77B-491C-9FD5-C900319A4666}"
EndProject
Project("{FAE04EC0-301F-11D3-BF4B-00C04F79EFBC}") = "Business", "Business\Business.csproj", "{8AE5DF26-FF3A-487C-A16F-1E5C6F107654}"
EndProject
Project("{FAE04EC0-301F-11D3-BF4B-00C04F79EFBC}") = "Core", "Core\Core.csproj", "{1FEAFC6C-FFD2-470E-B4E8-1E0E5518C4A7}"
EndProject
Project("{FAE04EC0-301F-11D3-BF4B-00C04F79EFBC}") = "DataAccess", "DataAccess\DataAccess.csproj", "{B338DBEB-AB0A-462F-86F6-0DFC3F4A037A}"
EndProject
Project("{FAE04EC0-301F-11D3-BF4B-00C04F79EFBC}") = "Entities", "Entities\Entities.csproj", "{E075AF9B-F554-4680-A0A6-3F9EF4A54C02}"
EndProject
Global
	GlobalSection(SolutionConfigurationPlatforms) = preSolution
		Debug|Any CPU = Debug|Any CPU
		Release|Any CPU = Release|Any CPU
	EndGlobalSection
	GlobalSection(ProjectConfigurationPlatforms) = postSolution
		{B6F2637A-B77B-491C-9FD5-C900319A4666}.Debug|Any CPU.ActiveCfg = Debug|Any CPU
		{B6F2637A-B77B-491C-9FD5-C900319A4666}.Debug|Any CPU.Build.0 = Debug|Any CPU
		{B6F2637A-B77B-491C-9FD5-C900319A4666}.Release|Any CPU.ActiveCfg = Release|Any CPU
		{B6F2637A-B77B-491C-9FD5-C900319A4666}.Release|Any CPU.Build.0 = Release|Any CPU
		{8AE5DF26-FF3A-487C-A16F-1E5C6F107654}.Debug|Any CPU.ActiveCfg = Debug|Any CPU
		{8AE5DF26-FF3A-487C-A16F-1E5C6F107654}.Debug|Any CPU.Build.0 = Debug|Any CPU
		{8AE5DF26-FF3A-487C-A16F-1E5C6F107654}.Release|Any CPU.ActiveCfg = Release|Any CPU
		{8AE5DF26-FF3A-487C-A16F-1E5C6F107654}.Release|Any CPU.Build.0 = Release|Any CPU
		{1FEAFC6C-FFD2-470E-B4E8-1E0E5518C4A7}.Debug|Any CPU.ActiveCfg = Debug|Any CPU
		{1FEAFC6C-FFD2-470E-B4E8-1E0E5518C4A7}.Debug|Any CPU.Build.0 = Debug|Any CPU
		{1FEAFC6C-FFD2-470E-B4E8-1E0E5518C4A7}.Release|Any CPU.ActiveCfg = Release|Any CPU
		{1FEAFC6C-FFD2-470E-B4E8-1E0E5518C4A7}.Release|Any CPU.Build.0 = Release|Any CPU
		{B338DBEB-AB0A-462F-86F6-0DFC3F4A037A}.Debug|Any CPU.ActiveCfg = Debug|Any CPU
		{B338DBEB-AB0A-462F-86F6-0DFC3F4A037A}.Debug|Any CPU.Build.0 = Debug|Any CPU
		{B338DBEB-AB0A-462F-86F6-0DFC3F4A037A}.Release|Any CPU.ActiveCfg = Release|Any CPU
		{B338DBEB-AB0A-462F-86F6-0DFC3F4A037A}.Release|Any CPU.Build.0 = Release|Any CPU
		{E075AF9B-F554-4680-A0A6-3F9EF4A54C02}.Debug|Any CPU.ActiveCfg = Debug|Any CPU
		{E075AF9B-F554-4680-A0A6-3F9EF4A54C02}.Debug|Any CPU.Build.0 = Debug|Any CPU
		{E075AF9B-F554-4680-A0A6-3F9EF4A54C02}.Release|Any CPU.ActiveCfg = Release|Any CPU
		{E075AF9B-F554-4680-A0A6-3F9EF4A54C02}.Release|Any CPU.Build.0 = Release|Any CPU
	EndGlobalSection
	GlobalSection(SolutionProperties) = preSolution
		HideSolutionNode = FALSE
	EndGlobalSection
	GlobalSection(ExtensibilityGlobals) = postSolution
		SolutionGuid = {8235A04F-723D-476B-8DAD-FAF8935EE963}
	EndGlobalSection
EndGlobal
